github.com/u-root/u-root v0.14.0 h1:Ka4T10EEML7dQ5XDvO9c3MBN8z4nuSnGjcd1jmU2ivg=
github.com/u-root/u-root v0.14.0/go.mod h1:hAyZorapJe4qzbLWlAkmSVCJGbfoU9Pu4jpJ1WMluqE=
github.com/vtolstov/go-ioctl v0.0.0-20151206205506-6be9cced4810 h1:X6ps8XHfpQjw8dUStzlMi2ybiKQ2Fmdw7UM+TinwvyM=
github.com/vtolstov/go-ioctl v0.0.0-20151206205506-6be9cced4810/go.mod h1:dF0BBJ2YrV1+2eAIyEI+KeSidgA6HqoIP1u5XTlMq/o=
golang.org/x/sys v0.17.0 h1:25cE3gD+tdBA7lp7QfhuV+rJiE9YXTcS3VG1SqssI/Y=
golang.org/x/sys v0.17.0/go.mod h1:/VUhepiaJMQUp4+oa/7Zr1D23ma6VTLIYjOOTFZPUcA=
